
Microsoft Visual Studio Solution File, Format Version 12.00
# Visual Studio Version 16
VisualStudioVersion = 16.0.31005.135
MinimumVisualStudioVersion = 10.0.40219.1
Project("{FAE04EC0-301F-11D3-BF4B-00C04F79EFBC}") = "Persons", "Persons.csproj", "{F179A31B-EB4D-4C16-899E-4A0A17A307A9}"
EndProject
Global
	GlobalSection(SolutionConfigurationPlatforms) = preSolution
		Debug|Any CPU = Debug|Any CPU
		Release|Any CPU = Release|Any CPU
	EndGlobalSection
	GlobalSection(ProjectConfigurationPlatforms) = postSolution
		{F179A31B-EB4D-4C16-899E-4A0A17A307A9}.Debug|Any CPU.ActiveCfg = Debug|Any CPU
		{F179A31B-EB4D-4C16-899E-4A0A17A307A9}.Debug|Any CPU.Build.0 = Debug|Any CPU
		{F179A31B-EB4D-4C16-899E-4A0A17A307A9}.Release|Any CPU.ActiveCfg = Release|Any CPU
		{F179A31B-EB4D-4C16-899E-4A0A17A307A9}.Release|Any CPU.Build.0 = Release|Any CPU
	EndGlobalSection
	GlobalSection(SolutionProperties) = preSolution
		HideSolutionNode = FALSE
	EndGlobalSection
	GlobalSection(ExtensibilityGlobals) = postSolution
		SolutionGuid = {445568E8-A3F8-414D-996F-82415F88E953}
	EndGlobalSection
EndGlobal
